
Microsoft Visual Studio Solution File, Format Version 12.00
# Visual Studio Version 16
VisualStudioVersion = 16.0.30503.244
MinimumVisualStudioVersion = 10.0.40219.1
Project("{FAE04EC0-301F-11D3-BF4B-00C04F79EFBC}") = "AOCI_2", "AOCI_2.csproj", "{1D7308B5-5086-47E0-A94D-1E8CD87BA095}"
EndProject
Global
	GlobalSection(SolutionConfigurationPlatforms) = preSolution
		Debug|Any CPU = Debug|Any CPU
		Release|Any CPU = Release|Any CPU
	EndGlobalSection
	GlobalSection(ProjectConfigurationPlatforms) = postSolution
		{1D7308B5-5086-47E0-A94D-1E8CD87BA095}.Debug|Any CPU.ActiveCfg = Debug|Any CPU
		{1D7308B5-5086-47E0-A94D-1E8CD87BA095}.Debug|Any CPU.Build.0 = Debug|Any CPU
		{1D7308B5-5086-47E0-A94D-1E8CD87BA095}.Release|Any CPU.ActiveCfg = Release|Any CPU
		{1D7308B5-5086-47E0-A94D-1E8CD87BA095}.Release|Any CPU.Build.0 = Release|Any CPU
	EndGlobalSection
	GlobalSection(SolutionProperties) = preSolution
		HideSolutionNode = FALSE
	EndGlobalSection
	GlobalSection(ExtensibilityGlobals) = postSolution
		SolutionGuid = {A350578D-3595-456F-BAD8-B08806F834AD}
	EndGlobalSection
EndGlobal
